
Microsoft Visual Studio Solution File, Format Version 12.00
# Visual Studio Version 17
VisualStudioVersion = 17.8.34525.116
MinimumVisualStudioVersion = 10.0.40219.1
Project("{FAE04EC0-301F-11D3-BF4B-00C04F79EFBC}") = "TemperatureConversion", "TemperatureConversion.csproj", "{A1EF8B5A-6AA8-450B-9EE0-AB712643543F}"
EndProject
Global
	GlobalSection(SolutionConfigurationPlatforms) = preSolution
		Debug|Any CPU = Debug|Any CPU
		Release|Any CPU = Release|Any CPU
	EndGlobalSection
	GlobalSection(ProjectConfigurationPlatforms) = postSolution
		{A1EF8B5A-6AA8-450B-9EE0-AB712643543F}.Debug|Any CPU.ActiveCfg = Debug|Any CPU
		{A1EF8B5A-6AA8-450B-9EE0-AB712643543F}.Debug|Any CPU.Build.0 = Debug|Any CPU
		{A1EF8B5A-6AA8-450B-9EE0-AB712643543F}.Release|Any CPU.ActiveCfg = Release|Any CPU
		{A1EF8B5A-6AA8-450B-9EE0-AB712643543F}.Release|Any CPU.Build.0 = Release|Any CPU
	EndGlobalSection
	GlobalSection(SolutionProperties) = preSolution
		HideSolutionNode = FALSE
	EndGlobalSection
	GlobalSection(ExtensibilityGlobals) = postSolution
		SolutionGuid = {8A39FBED-A30D-421B-A56A-098B5C8FC674}
	EndGlobalSection
EndGlobal
